// !$*UTF8*$!
{
	archiveVersion = 1;
	classes = {
	};
	objectVersion = 55;
	objects = {

/* Begin PBXBuildFile section */
		5E16574D2C527F6200866F89 /* Image.swift in Sources */ = {isa = PBXBuildFile; fileRef = 5E16574C2C527F6200866F89 /* Image.swift */; };
		5E3E69532C4D9FEC00E0363D /* SwiftUIProjectApp.swift in Sources */ = {isa = PBXBuildFile; fileRef = 5E3E69522C4D9FEC00E0363D /* SwiftUIProjectApp.swift */; };
		5E3E69552C4D9FEC00E0363D /* ContentView.swift in Sources */ = {isa = PBXBuildFile; fileRef = 5E3E69542C4D9FEC00E0363D /* ContentView.swift */; };
		5E3E69572C4D9FF000E0363D /* Assets.xcassets in Resources */ = {isa = PBXBuildFile; fileRef = 5E3E69562C4D9FF000E0363D /* Assets.xcassets */; };
		5E3E695A2C4D9FF000E0363D /* Preview Assets.xcassets in Resources */ = {isa = PBXBuildFile; fileRef = 5E3E69592C4D9FF000E0363D /* Preview Assets.xcassets */; };
		5E6FB43F2C5255BF009932E3 /* Text.swift in Sources */ = {isa = PBXBuildFile; fileRef = 5E6FB43E2C5255BF009932E3 /* Text.swift */; };
		5E77C28D2C5CF0600064186C /* AnimationView .swift in Sources */ = {isa = PBXBuildFile; fileRef = 5E77C28C2C5CF0600064186C /* AnimationView .swift */; };
		5E7EB7272C6791BF009CBFD9 /* RockGroupView.swift in Sources */ = {isa = PBXBuildFile; fileRef = 5E7EB7262C6791BF009CBFD9 /* RockGroupView.swift */; };
		5E83DEF72C53D1E8003F1819 /* StackView.swift in Sources */ = {isa = PBXBuildFile; fileRef = 5E83DEF62C53D1E8003F1819 /* StackView.swift */; };
		5E8886EA2C57714300492FDF /* ScrollView.swift in Sources */ = {isa = PBXBuildFile; fileRef = 5E8886E92C57714300492FDF /* ScrollView.swift */; };
		5E8886EC2C57729300492FDF /* ButtonLabelGradient.swift in Sources */ = {isa = PBXBuildFile; fileRef = 5E8886EB2C57729300492FDF /* ButtonLabelGradient.swift */; };
		5E88DF9D2C5A5A6E0043F1FC /* PathView.swift in Sources */ = {isa = PBXBuildFile; fileRef = 5E88DF9C2C5A5A6E0043F1FC /* PathView.swift */; };
		5E8A57082C4EEE6400F2CAF5 /* RangeView.swift in Sources */ = {isa = PBXBuildFile; fileRef = 5E8A57072C4EEE6400F2CAF5 /* RangeView.swift */; };
		5E8A570B2C4EF06C00F2CAF5 /* SharedModel.swift in Sources */ = {isa = PBXBuildFile; fileRef = 5E8A570A2C4EF06C00F2CAF5 /* SharedModel.swift */; };
		5E8A570F2C4EF31C00F2CAF5 /* TabBarView.swift in Sources */ = {isa = PBXBuildFile; fileRef = 5E8A570E2C4EF31C00F2CAF5 /* TabBarView.swift */; };
		5E8A57112C4EF48E00F2CAF5 /* ProfileView.swift in Sources */ = {isa = PBXBuildFile; fileRef = 5E8A57102C4EF48E00F2CAF5 /* ProfileView.swift */; };
		5E8A57132C4EF5FC00F2CAF5 /* HomeView.swift in Sources */ = {isa = PBXBuildFile; fileRef = 5E8A57122C4EF5FC00F2CAF5 /* HomeView.swift */; };
		5E8A57152C4EF6CB00F2CAF5 /* GalleryView.swift in Sources */ = {isa = PBXBuildFile; fileRef = 5E8A57142C4EF6CB00F2CAF5 /* GalleryView.swift */; };
		5E8A57172C4EFF2700F2CAF5 /* AnyHome.swift in Sources */ = {isa = PBXBuildFile; fileRef = 5E8A57162C4EFF2700F2CAF5 /* AnyHome.swift */; };
		5E90F1062C61FDB4007141C7 /* TransitionView.swift in Sources */ = {isa = PBXBuildFile; fileRef = 5E90F1052C61FDB4007141C7 /* TransitionView.swift */; };
		5E90F1082C63ACF5007141C7 /* ListForEachView.swift in Sources */ = {isa = PBXBuildFile; fileRef = 5E90F1072C63ACF5007141C7 /* ListForEachView.swift */; };
		5E94C0AE2C58CF8C00BD301D /* StateBinding.swift in Sources */ = {isa = PBXBuildFile; fileRef = 5E94C0AD2C58CF8C00BD301D /* StateBinding.swift */; };
		5E9CB8F42C695EAF006CBF0C /* RockParalax.swift in Sources */ = {isa = PBXBuildFile; fileRef = 5E9CB8F32C695EAF006CBF0C /* RockParalax.swift */; };
		5EC949452C7B3B65003736A9 /* SheetHome.swift in Sources */ = {isa = PBXBuildFile; fileRef = 5EC949442C7B3B65003736A9 /* SheetHome.swift */; };
		5EC949472C7B3C7A003736A9 /* SheetView.swift in Sources */ = {isa = PBXBuildFile; fileRef = 5EC949462C7B3C7A003736A9 /* SheetView.swift */; };
		5EC949492C7B4579003736A9 /* SheetWithNavBar.swift in Sources */ = {isa = PBXBuildFile; fileRef = 5EC949482C7B4579003736A9 /* SheetWithNavBar.swift */; };
		5EC9494C2C7DE44D003736A9 /* Model.swift in Sources */ = {isa = PBXBuildFile; fileRef = 5EC9494B2C7DE44D003736A9 /* Model.swift */; };
		5EC9494E2C7DE4BA003736A9 /* BasicImageRow.swift in Sources */ = {isa = PBXBuildFile; fileRef = 5EC9494D2C7DE4BA003736A9 /* BasicImageRow.swift */; };
		5EC949502C7DF128003736A9 /* ListBasicView.swift in Sources */ = {isa = PBXBuildFile; fileRef = 5EC9494F2C7DF128003736A9 /* ListBasicView.swift */; };
		5EC949522C7F2BF9003736A9 /* SettingView.swift in Sources */ = {isa = PBXBuildFile; fileRef = 5EC949512C7F2BF9003736A9 /* SettingView.swift */; };
		5EC949562C8472A4003736A9 /* SettingStore.swift in Sources */ = {isa = PBXBuildFile; fileRef = 5EC949552C8472A3003736A9 /* SettingStore.swift */; };
		5EC949592C8A43C9003736A9 /* FormField.swift in Sources */ = {isa = PBXBuildFile; fileRef = 5EC949582C8A43C9003736A9 /* FormField.swift */; };
		5EC9495B2C8A49DC003736A9 /* RequirementText.swift in Sources */ = {isa = PBXBuildFile; fileRef = 5EC9495A2C8A49DC003736A9 /* RequirementText.swift */; };
		5EC9495D2C8A4BBD003736A9 /* SignUpView.swift in Sources */ = {isa = PBXBuildFile; fileRef = 5EC9495C2C8A4BBD003736A9 /* SignUpView.swift */; };
		5EC9495F2C8C5DC0003736A9 /* UserRegistrationViewModel.swift in Sources */ = {isa = PBXBuildFile; fileRef = 5EC9495E2C8C5DC0003736A9 /* UserRegistrationViewModel.swift */; };
		5EC949642C959C8E003736A9 /* ModelBasic.swift in Sources */ = {isa = PBXBuildFile; fileRef = 5EC949632C959C8E003736A9 /* ModelBasic.swift */; };
		5EC949662C959DF6003736A9 /* ViewModelBasic.swift in Sources */ = {isa = PBXBuildFile; fileRef = 5EC949652C959DF6003736A9 /* ViewModelBasic.swift */; };
		5EC949682C95A00C003736A9 /* ViewBasic.swift in Sources */ = {isa = PBXBuildFile; fileRef = 5EC949672C95A00C003736A9 /* ViewBasic.swift */; };
		5EC9496C2C962604003736A9 /* ModelDataTask.swift in Sources */ = {isa = PBXBuildFile; fileRef = 5EC9496B2C962604003736A9 /* ModelDataTask.swift */; };
		5EC9496E2C96268C003736A9 /* ViewModelDataTask.swift in Sources */ = {isa = PBXBuildFile; fileRef = 5EC9496D2C96268C003736A9 /* ViewModelDataTask.swift */; };
		5EC949702C96291C003736A9 /* ViewDataTask.swift in Sources */ = {isa = PBXBuildFile; fileRef = 5EC9496F2C96291C003736A9 /* ViewDataTask.swift */; };
		5EC949732C96F8E5003736A9 /* ModelPassthrough.swift in Sources */ = {isa = PBXBuildFile; fileRef = 5EC949722C96F8E5003736A9 /* ModelPassthrough.swift */; };
		5EC949752C96F951003736A9 /* ServicePassthrough.swift in Sources */ = {isa = PBXBuildFile; fileRef = 5EC949742C96F951003736A9 /* ServicePassthrough.swift */; };
		5EC949772C96FBA4003736A9 /* ViewModelPassthrough.swift in Sources */ = {isa = PBXBuildFile; fileRef = 5EC949762C96FBA4003736A9 /* ViewModelPassthrough.swift */; };
		5EC949792C981A17003736A9 /* ViewPassthrough.swift in Sources */ = {isa = PBXBuildFile; fileRef = 5EC949782C981A17003736A9 /* ViewPassthrough.swift */; };
		5EC9497C2C982230003736A9 /* ModelCurrentValue.swift in Sources */ = {isa = PBXBuildFile; fileRef = 5EC9497B2C982230003736A9 /* ModelCurrentValue.swift */; };
		5EC9497E2C982272003736A9 /* ViewModelCurrentValue.swift in Sources */ = {isa = PBXBuildFile; fileRef = 5EC9497D2C982272003736A9 /* ViewModelCurrentValue.swift */; };
		5EC949802C9826F7003736A9 /* ViewCurrentValue.swift in Sources */ = {isa = PBXBuildFile; fileRef = 5EC9497F2C9826F7003736A9 /* ViewCurrentValue.swift */; };
		5EC949862C98963A003736A9 /* ModelMerge+ViewModelMerge.swift in Sources */ = {isa = PBXBuildFile; fileRef = 5EC949852C98963A003736A9 /* ModelMerge+ViewModelMerge.swift */; };
		5EC949882C989919003736A9 /* ViewMerge.swift in Sources */ = {isa = PBXBuildFile; fileRef = 5EC949872C989919003736A9 /* ViewMerge.swift */; };
		5EC9498B2C98A5B3003736A9 /* ViewModelCombineLatest.swift in Sources */ = {isa = PBXBuildFile; fileRef = 5EC9498A2C98A5B3003736A9 /* ViewModelCombineLatest.swift */; };
		5EC9498D2C98A83D003736A9 /* ViewCombineLatest.swift in Sources */ = {isa = PBXBuildFile; fileRef = 5EC9498C2C98A83D003736A9 /* ViewCombineLatest.swift */; };
		5EC949902C99C68A003736A9 /* MapFlatMapFilter.swift in Sources */ = {isa = PBXBuildFile; fileRef = 5EC9498F2C99C68A003736A9 /* MapFlatMapFilter.swift */; };
		5EC949932C9D6F86003736A9 /* CatchRetry.swift in Sources */ = {isa = PBXBuildFile; fileRef = 5EC949922C9D6F86003736A9 /* CatchRetry.swift */; };
		5EC949962C9D7EB3003736A9 /* DebounceThrottle.swift in Sources */ = {isa = PBXBuildFile; fileRef = 5EC949952C9D7EB3003736A9 /* DebounceThrottle.swift */; };
		5EDCC9B62C6BF5AC005A0F89 /* Article.swift in Sources */ = {isa = PBXBuildFile; fileRef = 5EDCC9B52C6BF5AC005A0F89 /* Article.swift */; };
		5EDCC9B82C6BF5E1005A0F89 /* BaseView.swift in Sources */ = {isa = PBXBuildFile; fileRef = 5EDCC9B72C6BF5E1005A0F89 /* BaseView.swift */; };
		5EDCC9BA2C6BF651005A0F89 /* ArticleDetailView.swift in Sources */ = {isa = PBXBuildFile; fileRef = 5EDCC9B92C6BF651005A0F89 /* ArticleDetailView.swift */; };
/* End PBXBuildFile section */

/* Begin PBXFileReference section */
		5E16574C2C527F6200866F89 /* Image.swift */ = {isa = PBXFileReference; lastKnownFileType = sourcecode.swift; path = Image.swift; sourceTree = "<group>"; };
		5E3E694F2C4D9FEC00E0363D /* SwiftUIProject.app */ = {isa = PBXFileReference; explicitFileType = wrapper.application; includeInIndex = 0; path = SwiftUIProject.app; sourceTree = BUILT_PRODUCTS_DIR; };
		5E3E69522C4D9FEC00E0363D /* SwiftUIProjectApp.swift */ = {isa = PBXFileReference; lastKnownFileType = sourcecode.swift; path = SwiftUIProjectApp.swift; sourceTree = "<group>"; };
		5E3E69542C4D9FEC00E0363D /* ContentView.swift */ = {isa = PBXFileReference; lastKnownFileType = sourcecode.swift; path = ContentView.swift; sourceTree = "<group>"; };
		5E3E69562C4D9FF000E0363D /* Assets.xcassets */ = {isa = PBXFileReference; lastKnownFileType = folder.assetcatalog; path = Assets.xcassets; sourceTree = "<group>"; };
		5E3E69592C4D9FF000E0363D /* Preview Assets.xcassets */ = {isa = PBXFileReference; lastKnownFileType = folder.assetcatalog; path = "Preview Assets.xcassets"; sourceTree = "<group>"; };
		5E6FB43E2C5255BF009932E3 /* Text.swift */ = {isa = PBXFileReference; lastKnownFileType = sourcecode.swift; path = Text.swift; sourceTree = "<group>"; };
		5E77C28C2C5CF0600064186C /* AnimationView .swift */ = {isa = PBXFileReference; lastKnownFileType = sourcecode.swift; path = "AnimationView .swift"; sourceTree = "<group>"; };
		5E7EB7262C6791BF009CBFD9 /* RockGroupView.swift */ = {isa = PBXFileReference; lastKnownFileType = sourcecode.swift; path = RockGroupView.swift; sourceTree = "<group>"; };
		5E83DEF62C53D1E8003F1819 /* StackView.swift */ = {isa = PBXFileReference; lastKnownFileType = sourcecode.swift; path = StackView.swift; sourceTree = "<group>"; };
		5E8886E92C57714300492FDF /* ScrollView.swift */ = {isa = PBXFileReference; lastKnownFileType = sourcecode.swift; path = ScrollView.swift; sourceTree = "<group>"; };
		5E8886EB2C57729300492FDF /* ButtonLabelGradient.swift */ = {isa = PBXFileReference; lastKnownFileType = sourcecode.swift; path = ButtonLabelGradient.swift; sourceTree = "<group>"; };
		5E88DF9C2C5A5A6E0043F1FC /* PathView.swift */ = {isa = PBXFileReference; lastKnownFileType = sourcecode.swift; path = PathView.swift; sourceTree = "<group>"; };
		5E8A57072C4EEE6400F2CAF5 /* RangeView.swift */ = {isa = PBXFileReference; lastKnownFileType = sourcecode.swift; path = RangeView.swift; sourceTree = "<group>"; };
		5E8A570A2C4EF06C00F2CAF5 /* SharedModel.swift */ = {isa = PBXFileReference; lastKnownFileType = sourcecode.swift; path = SharedModel.swift; sourceTree = "<group>"; };
		5E8A570E2C4EF31C00F2CAF5 /* TabBarView.swift */ = {isa = PBXFileReference; lastKnownFileType = sourcecode.swift; path = TabBarView.swift; sourceTree = "<group>"; };
		5E8A57102C4EF48E00F2CAF5 /* ProfileView.swift */ = {isa = PBXFileReference; lastKnownFileType = sourcecode.swift; path = ProfileView.swift; sourceTree = "<group>"; };
		5E8A57122C4EF5FC00F2CAF5 /* HomeView.swift */ = {isa = PBXFileReference; lastKnownFileType = sourcecode.swift; path = HomeView.swift; sourceTree = "<group>"; };
		5E8A57142C4EF6CB00F2CAF5 /* GalleryView.swift */ = {isa = PBXFileReference; lastKnownFileType = sourcecode.swift; path = GalleryView.swift; sourceTree = "<group>"; };
		5E8A57162C4EFF2700F2CAF5 /* AnyHome.swift */ = {isa = PBXFileReference; lastKnownFileType = sourcecode.swift; path = AnyHome.swift; sourceTree = "<group>"; };
		5E90F1052C61FDB4007141C7 /* TransitionView.swift */ = {isa = PBXFileReference; lastKnownFileType = sourcecode.swift; path = TransitionView.swift; sourceTree = "<group>"; };
		5E90F1072C63ACF5007141C7 /* ListForEachView.swift */ = {isa = PBXFileReference; lastKnownFileType = sourcecode.swift; path = ListForEachView.swift; sourceTree = "<group>"; };
		5E94C0AD2C58CF8C00BD301D /* StateBinding.swift */ = {isa = PBXFileReference; lastKnownFileType = sourcecode.swift; path = StateBinding.swift; sourceTree = "<group>"; };
		5E9CB8F32C695EAF006CBF0C /* RockParalax.swift */ = {isa = PBXFileReference; lastKnownFileType = sourcecode.swift; path = RockParalax.swift; sourceTree = "<group>"; };
		5EC949442C7B3B65003736A9 /* SheetHome.swift */ = {isa = PBXFileReference; lastKnownFileType = sourcecode.swift; path = SheetHome.swift; sourceTree = "<group>"; };
		5EC949462C7B3C7A003736A9 /* SheetView.swift */ = {isa = PBXFileReference; lastKnownFileType = sourcecode.swift; path = SheetView.swift; sourceTree = "<group>"; };
		5EC949482C7B4579003736A9 /* SheetWithNavBar.swift */ = {isa = PBXFileReference; lastKnownFileType = sourcecode.swift; path = SheetWithNavBar.swift; sourceTree = "<group>"; };
		5EC9494B2C7DE44D003736A9 /* Model.swift */ = {isa = PBXFileReference; lastKnownFileType = sourcecode.swift; path = Model.swift; sourceTree = "<group>"; };
		5EC9494D2C7DE4BA003736A9 /* BasicImageRow.swift */ = {isa = PBXFileReference; lastKnownFileType = sourcecode.swift; path = BasicImageRow.swift; sourceTree = "<group>"; };
		5EC9494F2C7DF128003736A9 /* ListBasicView.swift */ = {isa = PBXFileReference; lastKnownFileType = sourcecode.swift; path = ListBasicView.swift; sourceTree = "<group>"; };
		5EC949512C7F2BF9003736A9 /* SettingView.swift */ = {isa = PBXFileReference; lastKnownFileType = sourcecode.swift; path = SettingView.swift; sourceTree = "<group>"; };
		5EC949552C8472A3003736A9 /* SettingStore.swift */ = {isa = PBXFileReference; lastKnownFileType = sourcecode.swift; path = SettingStore.swift; sourceTree = "<group>"; };
		5EC949582C8A43C9003736A9 /* FormField.swift */ = {isa = PBXFileReference; lastKnownFileType = sourcecode.swift; path = FormField.swift; sourceTree = "<group>"; };
		5EC9495A2C8A49DC003736A9 /* RequirementText.swift */ = {isa = PBXFileReference; lastKnownFileType = sourcecode.swift; path = RequirementText.swift; sourceTree = "<group>"; };
		5EC9495C2C8A4BBD003736A9 /* SignUpView.swift */ = {isa = PBXFileReference; lastKnownFileType = sourcecode.swift; path = SignUpView.swift; sourceTree = "<group>"; };
		5EC9495E2C8C5DC0003736A9 /* UserRegistrationViewModel.swift */ = {isa = PBXFileReference; lastKnownFileType = sourcecode.swift; path = UserRegistrationViewModel.swift; sourceTree = "<group>"; };
		5EC949632C959C8E003736A9 /* ModelBasic.swift */ = {isa = PBXFileReference; lastKnownFileType = sourcecode.swift; path = ModelBasic.swift; sourceTree = "<group>"; };
		5EC949652C959DF6003736A9 /* ViewModelBasic.swift */ = {isa = PBXFileReference; lastKnownFileType = sourcecode.swift; path = ViewModelBasic.swift; sourceTree = "<group>"; };
		5EC949672C95A00C003736A9 /* ViewBasic.swift */ = {isa = PBXFileReference; lastKnownFileType = sourcecode.swift; path = ViewBasic.swift; sourceTree = "<group>"; };
		5EC9496B2C962604003736A9 /* ModelDataTask.swift */ = {isa = PBXFileReference; lastKnownFileType = sourcecode.swift; path = ModelDataTask.swift; sourceTree = "<group>"; };
		5EC9496D2C96268C003736A9 /* ViewModelDataTask.swift */ = {isa = PBXFileReference; lastKnownFileType = sourcecode.swift; path = ViewModelDataTask.swift; sourceTree = "<group>"; };
		5EC9496F2C96291C003736A9 /* ViewDataTask.swift */ = {isa = PBXFileReference; lastKnownFileType = sourcecode.swift; path = ViewDataTask.swift; sourceTree = "<group>"; };
		5EC949722C96F8E5003736A9 /* ModelPassthrough.swift */ = {isa = PBXFileReference; lastKnownFileType = sourcecode.swift; path = ModelPassthrough.swift; sourceTree = "<group>"; };
		5EC949742C96F951003736A9 /* ServicePassthrough.swift */ = {isa = PBXFileReference; lastKnownFileType = sourcecode.swift; path = ServicePassthrough.swift; sourceTree = "<group>"; };
		5EC949762C96FBA4003736A9 /* ViewModelPassthrough.swift */ = {isa = PBXFileReference; lastKnownFileType = sourcecode.swift; path = ViewModelPassthrough.swift; sourceTree = "<group>"; };
		5EC949782C981A17003736A9 /* ViewPassthrough.swift */ = {isa = PBXFileReference; lastKnownFileType = sourcecode.swift; path = ViewPassthrough.swift; sourceTree = "<group>"; };
		5EC9497B2C982230003736A9 /* ModelCurrentValue.swift */ = {isa = PBXFileReference; lastKnownFileType = sourcecode.swift; path = ModelCurrentValue.swift; sourceTree = "<group>"; };
		5EC9497D2C982272003736A9 /* ViewModelCurrentValue.swift */ = {isa = PBXFileReference; lastKnownFileType = sourcecode.swift; path = ViewModelCurrentValue.swift; sourceTree = "<group>"; };
		5EC9497F2C9826F7003736A9 /* ViewCurrentValue.swift */ = {isa = PBXFileReference; lastKnownFileType = sourcecode.swift; path = ViewCurrentValue.swift; sourceTree = "<group>"; };
		5EC949852C98963A003736A9 /* ModelMerge+ViewModelMerge.swift */ = {isa = PBXFileReference; lastKnownFileType = sourcecode.swift; path = "ModelMerge+ViewModelMerge.swift"; sourceTree = "<group>"; };
		5EC949872C989919003736A9 /* ViewMerge.swift */ = {isa = PBXFileReference; lastKnownFileType = sourcecode.swift; path = ViewMerge.swift; sourceTree = "<group>"; };
		5EC9498A2C98A5B3003736A9 /* ViewModelCombineLatest.swift */ = {isa = PBXFileReference; lastKnownFileType = sourcecode.swift; path = ViewModelCombineLatest.swift; sourceTree = "<group>"; };
		5EC9498C2C98A83D003736A9 /* ViewCombineLatest.swift */ = {isa = PBXFileReference; lastKnownFileType = sourcecode.swift; path = ViewCombineLatest.swift; sourceTree = "<group>"; };
		5EC9498F2C99C68A003736A9 /* MapFlatMapFilter.swift */ = {isa = PBXFileReference; lastKnownFileType = sourcecode.swift; path = MapFlatMapFilter.swift; sourceTree = "<group>"; };
		5EC949922C9D6F86003736A9 /* CatchRetry.swift */ = {isa = PBXFileReference; lastKnownFileType = sourcecode.swift; path = CatchRetry.swift; sourceTree = "<group>"; };
		5EC949952C9D7EB3003736A9 /* DebounceThrottle.swift */ = {isa = PBXFileReference; lastKnownFileType = sourcecode.swift; path = DebounceThrottle.swift; sourceTree = "<group>"; };
		5EDCC9B52C6BF5AC005A0F89 /* Article.swift */ = {isa = PBXFileReference; lastKnownFileType = sourcecode.swift; path = Article.swift; sourceTree = "<group>"; };
		5EDCC9B72C6BF5E1005A0F89 /* BaseView.swift */ = {isa = PBXFileReference; lastKnownFileType = sourcecode.swift; path = BaseView.swift; sourceTree = "<group>"; };
		5EDCC9B92C6BF651005A0F89 /* ArticleDetailView.swift */ = {isa = PBXFileReference; lastKnownFileType = sourcecode.swift; path = ArticleDetailView.swift; sourceTree = "<group>"; };
/* End PBXFileReference section */

/* Begin PBXFrameworksBuildPhase section */
		5E3E694C2C4D9FEC00E0363D /* Frameworks */ = {
			isa = PBXFrameworksBuildPhase;
			buildActionMask = 2147483647;
			files = (
			);
			runOnlyForDeploymentPostprocessing = 0;
		};
/* End PBXFrameworksBuildPhase section */

/* Begin PBXGroup section */
		5E3E69462C4D9FEC00E0363D = {
			isa = PBXGroup;
			children = (
				5EC949602C959AED003736A9 /* Combine + MVVM */,
				5EC949422C7B3ABD003736A9 /* FeatureCookBook */,
				5E8A57062C4EEE2200F2CAF5 /* FeatureAppMastering */,
				5E3E69512C4D9FEC00E0363D /* SwiftUIProject */,
				5E3E69502C4D9FEC00E0363D /* Products */,
			);
			sourceTree = "<group>";
		};
		5E3E69502C4D9FEC00E0363D /* Products */ = {
			isa = PBXGroup;
			children = (
				5E3E694F2C4D9FEC00E0363D /* SwiftUIProject.app */,
			);
			name = Products;
			sourceTree = "<group>";
		};
		5E3E69512C4D9FEC00E0363D /* SwiftUIProject */ = {
			isa = PBXGroup;
			children = (
				5E3E69522C4D9FEC00E0363D /* SwiftUIProjectApp.swift */,
				5E3E69542C4D9FEC00E0363D /* ContentView.swift */,
				5E8A570C2C4EF09F00F2CAF5 /* View */,
				5E8A57092C4EEF3100F2CAF5 /* Model */,
				5E3E69562C4D9FF000E0363D /* Assets.xcassets */,
				5E3E69582C4D9FF000E0363D /* Preview Content */,
			);
			path = SwiftUIProject;
			sourceTree = "<group>";
		};
		5E3E69582C4D9FF000E0363D /* Preview Content */ = {
			isa = PBXGroup;
			children = (
				5E3E69592C4D9FF000E0363D /* Preview Assets.xcassets */,
			);
			path = "Preview Content";
			sourceTree = "<group>";
		};
		5E7EB7252C679098009CBFD9 /* ExampleAppMastering */ = {
			isa = PBXGroup;
			children = (
				5E7EB7262C6791BF009CBFD9 /* RockGroupView.swift */,
				5E9CB8F32C695EAF006CBF0C /* RockParalax.swift */,
			);
			path = ExampleAppMastering;
			sourceTree = "<group>";
		};
		5E8A57062C4EEE2200F2CAF5 /* FeatureAppMastering */ = {
			isa = PBXGroup;
			children = (
				5EC949572C8A4357003736A9 /* SignUpCombine */,
				5EC9494A2C7DE3D0003736A9 /* FormToggleStepperPicker */,
				5EDCC9B42C6BF592005A0F89 /* ExampleAM(SheetAlert) */,
				5E7EB7252C679098009CBFD9 /* ExampleAppMastering */,
				5E8A57072C4EEE6400F2CAF5 /* RangeView.swift */,
				5E6FB43E2C5255BF009932E3 /* Text.swift */,
				5E16574C2C527F6200866F89 /* Image.swift */,
				5E83DEF62C53D1E8003F1819 /* StackView.swift */,
				5E8886E92C57714300492FDF /* ScrollView.swift */,
				5E8886EB2C57729300492FDF /* ButtonLabelGradient.swift */,
				5E94C0AD2C58CF8C00BD301D /* StateBinding.swift */,
				5E88DF9C2C5A5A6E0043F1FC /* PathView.swift */,
				5E77C28C2C5CF0600064186C /* AnimationView .swift */,
				5E90F1052C61FDB4007141C7 /* TransitionView.swift */,
				5E90F1072C63ACF5007141C7 /* ListForEachView.swift */,
			);
			path = FeatureAppMastering;
			sourceTree = "<group>";
		};
		5E8A57092C4EEF3100F2CAF5 /* Model */ = {
			isa = PBXGroup;
			children = (
				5E8A570A2C4EF06C00F2CAF5 /* SharedModel.swift */,
			);
			path = Model;
			sourceTree = "<group>";
		};
		5E8A570C2C4EF09F00F2CAF5 /* View */ = {
			isa = PBXGroup;
			children = (
				5E8A570E2C4EF31C00F2CAF5 /* TabBarView.swift */,
				5E8A57102C4EF48E00F2CAF5 /* ProfileView.swift */,
				5E8A57122C4EF5FC00F2CAF5 /* HomeView.swift */,
				5E8A57142C4EF6CB00F2CAF5 /* GalleryView.swift */,
				5E8A57162C4EFF2700F2CAF5 /* AnyHome.swift */,
			);
			path = View;
			sourceTree = "<group>";
		};
		5EC949422C7B3ABD003736A9 /* FeatureCookBook */ = {
			isa = PBXGroup;
			children = (
				5EC949432C7B3AE7003736A9 /* Sheet */,
			);
			path = FeatureCookBook;
			sourceTree = "<group>";
		};
		5EC949432C7B3AE7003736A9 /* Sheet */ = {
			isa = PBXGroup;
			children = (
				5EC949442C7B3B65003736A9 /* SheetHome.swift */,
				5EC949462C7B3C7A003736A9 /* SheetView.swift */,
				5EC949482C7B4579003736A9 /* SheetWithNavBar.swift */,
			);
			path = Sheet;
			sourceTree = "<group>";
		};
		5EC9494A2C7DE3D0003736A9 /* FormToggleStepperPicker */ = {
			isa = PBXGroup;
			children = (
				5EC9494B2C7DE44D003736A9 /* Model.swift */,
				5EC9494D2C7DE4BA003736A9 /* BasicImageRow.swift */,
				5EC9494F2C7DF128003736A9 /* ListBasicView.swift */,
				5EC949512C7F2BF9003736A9 /* SettingView.swift */,
				5EC949552C8472A3003736A9 /* SettingStore.swift */,
			);
			path = FormToggleStepperPicker;
			sourceTree = "<group>";
		};
		5EC949572C8A4357003736A9 /* SignUpCombine */ = {
			isa = PBXGroup;
			children = (
				5EC949582C8A43C9003736A9 /* FormField.swift */,
				5EC9495A2C8A49DC003736A9 /* RequirementText.swift */,
				5EC9495C2C8A4BBD003736A9 /* SignUpView.swift */,
				5EC9495E2C8C5DC0003736A9 /* UserRegistrationViewModel.swift */,
			);
			path = SignUpCombine;
			sourceTree = "<group>";
		};
		5EC949602C959AED003736A9 /* Combine + MVVM */ = {
			isa = PBXGroup;
			children = (
				5EC949692C96254A003736A9 /* CombineHabr */,
				5EC949612C959C37003736A9 /* MVVM */,
			);
			path = "Combine + MVVM";
			sourceTree = "<group>";
		};
		5EC949612C959C37003736A9 /* MVVM */ = {
			isa = PBXGroup;
			children = (
				5EC949622C959C49003736A9 /* Basic */,
			);
			path = MVVM;
			sourceTree = "<group>";
		};
		5EC949622C959C49003736A9 /* Basic */ = {
			isa = PBXGroup;
			children = (
				5EC949632C959C8E003736A9 /* ModelBasic.swift */,
				5EC949652C959DF6003736A9 /* ViewModelBasic.swift */,
				5EC949672C95A00C003736A9 /* ViewBasic.swift */,
			);
			path = Basic;
			sourceTree = "<group>";
		};
		5EC949692C96254A003736A9 /* CombineHabr */ = {
			isa = PBXGroup;
			children = (
				5EC949812C982EF3003736A9 /* Operators */,
				5EC9497A2C982205003736A9 /* CurrentValueSubject */,
				5EC949712C96F8AA003736A9 /* PassthroughSubject */,
				5EC9496A2C962562003736A9 /* dataTaskPublisher */,
			);
			path = CombineHabr;
			sourceTree = "<group>";
		};
		5EC9496A2C962562003736A9 /* dataTaskPublisher */ = {
			isa = PBXGroup;
			children = (
				5EC9496B2C962604003736A9 /* ModelDataTask.swift */,
				5EC9496D2C96268C003736A9 /* ViewModelDataTask.swift */,
				5EC9496F2C96291C003736A9 /* ViewDataTask.swift */,
			);
			path = dataTaskPublisher;
			sourceTree = "<group>";
		};
		5EC949712C96F8AA003736A9 /* PassthroughSubject */ = {
			isa = PBXGroup;
			children = (
				5EC949722C96F8E5003736A9 /* ModelPassthrough.swift */,
				5EC949742C96F951003736A9 /* ServicePassthrough.swift */,
				5EC949762C96FBA4003736A9 /* ViewModelPassthrough.swift */,
				5EC949782C981A17003736A9 /* ViewPassthrough.swift */,
			);
			path = PassthroughSubject;
			sourceTree = "<group>";
		};
		5EC9497A2C982205003736A9 /* CurrentValueSubject */ = {
			isa = PBXGroup;
			children = (
				5EC9497B2C982230003736A9 /* ModelCurrentValue.swift */,
				5EC9497D2C982272003736A9 /* ViewModelCurrentValue.swift */,
				5EC9497F2C9826F7003736A9 /* ViewCurrentValue.swift */,
			);
			path = CurrentValueSubject;
			sourceTree = "<group>";
		};
		5EC949812C982EF3003736A9 /* Operators */ = {
			isa = PBXGroup;
			children = (
				5EC949942C9D7E75003736A9 /* DebounceThrottle */,
				5EC949912C9D6F56003736A9 /* CatchRetry */,
				5EC9498E2C99C608003736A9 /* MapFlatMapFilter */,
				5EC949892C989C81003736A9 /* CombineLatest */,
				5EC949842C989605003736A9 /* Merge */,
			);
			path = Operators;
			sourceTree = "<group>";
		};
		5EC949842C989605003736A9 /* Merge */ = {
			isa = PBXGroup;
			children = (
				5EC949852C98963A003736A9 /* ModelMerge+ViewModelMerge.swift */,
				5EC949872C989919003736A9 /* ViewMerge.swift */,
			);
			path = Merge;
			sourceTree = "<group>";
		};
		5EC949892C989C81003736A9 /* CombineLatest */ = {
			isa = PBXGroup;
			children = (
				5EC9498A2C98A5B3003736A9 /* ViewModelCombineLatest.swift */,
				5EC9498C2C98A83D003736A9 /* ViewCombineLatest.swift */,
			);
			path = CombineLatest;
			sourceTree = "<group>";
		};
		5EC9498E2C99C608003736A9 /* MapFlatMapFilter */ = {
			isa = PBXGroup;
			children = (
				5EC9498F2C99C68A003736A9 /* MapFlatMapFilter.swift */,
			);
			path = MapFlatMapFilter;
			sourceTree = "<group>";
		};
		5EC949912C9D6F56003736A9 /* CatchRetry */ = {
			isa = PBXGroup;
			children = (
				5EC949922C9D6F86003736A9 /* CatchRetry.swift */,
			);
			path = CatchRetry;
			sourceTree = "<group>";
		};
		5EC949942C9D7E75003736A9 /* DebounceThrottle */ = {
			isa = PBXGroup;
			children = (
				5EC949952C9D7EB3003736A9 /* DebounceThrottle.swift */,
			);
			path = DebounceThrottle;
			sourceTree = "<group>";
		};
		5EDCC9B42C6BF592005A0F89 /* ExampleAM(SheetAlert) */ = {
			isa = PBXGroup;
			children = (
				5EDCC9B52C6BF5AC005A0F89 /* Article.swift */,
				5EDCC9B72C6BF5E1005A0F89 /* BaseView.swift */,
				5EDCC9B92C6BF651005A0F89 /* ArticleDetailView.swift */,
			);
			path = "ExampleAM(SheetAlert)";
			sourceTree = "<group>";
		};
/* End PBXGroup section */

/* Begin PBXNativeTarget section */
		5E3E694E2C4D9FEC00E0363D /* SwiftUIProject */ = {
			isa = PBXNativeTarget;
			buildConfigurationList = 5E3E695D2C4D9FF000E0363D /* Build configuration list for PBXNativeTarget "SwiftUIProject" */;
			buildPhases = (
				5E3E694B2C4D9FEC00E0363D /* Sources */,
				5E3E694C2C4D9FEC00E0363D /* Frameworks */,
				5E3E694D2C4D9FEC00E0363D /* Resources */,
			);
			buildRules = (
			);
			dependencies = (
			);
			name = SwiftUIProject;
			productName = SwiftUIProject;
			productReference = 5E3E694F2C4D9FEC00E0363D /* SwiftUIProject.app */;
			productType = "com.apple.product-type.application";
		};
/* End PBXNativeTarget section */

/* Begin PBXProject section */
		5E3E69472C4D9FEC00E0363D /* Project object */ = {
			isa = PBXProject;
			attributes = {
				BuildIndependentTargetsInParallel = 1;
				LastSwiftUpdateCheck = 1320;
				LastUpgradeCheck = 1320;
				TargetAttributes = {
					5E3E694E2C4D9FEC00E0363D = {
						CreatedOnToolsVersion = 13.2.1;
					};
				};
			};
			buildConfigurationList = 5E3E694A2C4D9FEC00E0363D /* Build configuration list for PBXProject "SwiftUIProject" */;
			compatibilityVersion = "Xcode 13.0";
			developmentRegion = en;
			hasScannedForEncodings = 0;
			knownRegions = (
				en,
				Base,
			);
			mainGroup = 5E3E69462C4D9FEC00E0363D;
			productRefGroup = 5E3E69502C4D9FEC00E0363D /* Products */;
			projectDirPath = "";
			projectRoot = "";
			targets = (
				5E3E694E2C4D9FEC00E0363D /* SwiftUIProject */,
			);
		};
/* End PBXProject section */

/* Begin PBXResourcesBuildPhase section */
		5E3E694D2C4D9FEC00E0363D /* Resources */ = {
			isa = PBXResourcesBuildPhase;
			buildActionMask = 2147483647;
			files = (
				5E3E695A2C4D9FF000E0363D /* Preview Assets.xcassets in Resources */,
				5E3E69572C4D9FF000E0363D /* Assets.xcassets in Resources */,
			);
			runOnlyForDeploymentPostprocessing = 0;
		};
/* End PBXResourcesBuildPhase section */

/* Begin PBXSourcesBuildPhase section */
		5E3E694B2C4D9FEC00E0363D /* Sources */ = {
			isa = PBXSourcesBuildPhase;
			buildActionMask = 2147483647;
			files = (
				5EC9495B2C8A49DC003736A9 /* RequirementText.swift in Sources */,
				5EC9498B2C98A5B3003736A9 /* ViewModelCombineLatest.swift in Sources */,
				5EDCC9B62C6BF5AC005A0F89 /* Article.swift in Sources */,
				5E8A570B2C4EF06C00F2CAF5 /* SharedModel.swift in Sources */,
				5E7EB7272C6791BF009CBFD9 /* RockGroupView.swift in Sources */,
				5EC949682C95A00C003736A9 /* ViewBasic.swift in Sources */,
				5EC949802C9826F7003736A9 /* ViewCurrentValue.swift in Sources */,
				5E88DF9D2C5A5A6E0043F1FC /* PathView.swift in Sources */,
				5EC949522C7F2BF9003736A9 /* SettingView.swift in Sources */,
				5EC949492C7B4579003736A9 /* SheetWithNavBar.swift in Sources */,
				5EC949862C98963A003736A9 /* ModelMerge+ViewModelMerge.swift in Sources */,
				5E9CB8F42C695EAF006CBF0C /* RockParalax.swift in Sources */,
				5EC949962C9D7EB3003736A9 /* DebounceThrottle.swift in Sources */,
				5E8A57132C4EF5FC00F2CAF5 /* HomeView.swift in Sources */,
				5EC9494C2C7DE44D003736A9 /* Model.swift in Sources */,
				5EC949902C99C68A003736A9 /* MapFlatMapFilter.swift in Sources */,
				5E8A57172C4EFF2700F2CAF5 /* AnyHome.swift in Sources */,
				5EC9496C2C962604003736A9 /* ModelDataTask.swift in Sources */,
				5EC949792C981A17003736A9 /* ViewPassthrough.swift in Sources */,
				5EC949642C959C8E003736A9 /* ModelBasic.swift in Sources */,
				5E3E69552C4D9FEC00E0363D /* ContentView.swift in Sources */,
				5EC9495F2C8C5DC0003736A9 /* UserRegistrationViewModel.swift in Sources */,
				5E90F1062C61FDB4007141C7 /* TransitionView.swift in Sources */,
				5EC949882C989919003736A9 /* ViewMerge.swift in Sources */,
				5EC9497E2C982272003736A9 /* ViewModelCurrentValue.swift in Sources */,
				5E8A57082C4EEE6400F2CAF5 /* RangeView.swift in Sources */,
				5E8A570F2C4EF31C00F2CAF5 /* TabBarView.swift in Sources */,
				5E8886EC2C57729300492FDF /* ButtonLabelGradient.swift in Sources */,
				5EC949752C96F951003736A9 /* ServicePassthrough.swift in Sources */,
				5EC9494E2C7DE4BA003736A9 /* BasicImageRow.swift in Sources */,
				5EC949702C96291C003736A9 /* ViewDataTask.swift in Sources */,
				5EC9496E2C96268C003736A9 /* ViewModelDataTask.swift in Sources */,
				5EDCC9BA2C6BF651005A0F89 /* ArticleDetailView.swift in Sources */,
				5E6FB43F2C5255BF009932E3 /* Text.swift in Sources */,
				5EC949732C96F8E5003736A9 /* ModelPassthrough.swift in Sources */,
				5EC949502C7DF128003736A9 /* ListBasicView.swift in Sources */,
				5E8886EA2C57714300492FDF /* ScrollView.swift in Sources */,
				5EC9497C2C982230003736A9 /* ModelCurrentValue.swift in Sources */,
				5EC949932C9D6F86003736A9 /* CatchRetry.swift in Sources */,
				5E8A57112C4EF48E00F2CAF5 /* ProfileView.swift in Sources */,
				5E77C28D2C5CF0600064186C /* AnimationView .swift in Sources */,
				5E3E69532C4D9FEC00E0363D /* SwiftUIProjectApp.swift in Sources */,
				5EC949472C7B3C7A003736A9 /* SheetView.swift in Sources */,
				5EC949592C8A43C9003736A9 /* FormField.swift in Sources */,
				5EC949562C8472A4003736A9 /* SettingStore.swift in Sources */,
				5E16574D2C527F6200866F89 /* Image.swift in Sources */,
				5E90F1082C63ACF5007141C7 /* ListForEachView.swift in Sources */,
				5EC9498D2C98A83D003736A9 /* ViewCombineLatest.swift in Sources */,
				5EDCC9B82C6BF5E1005A0F89 /* BaseView.swift in Sources */,
				5E94C0AE2C58CF8C00BD301D /* StateBinding.swift in Sources */,
				5EC9495D2C8A4BBD003736A9 /* SignUpView.swift in Sources */,
				5EC949772C96FBA4003736A9 /* ViewModelPassthrough.swift in Sources */,
				5EC949452C7B3B65003736A9 /* SheetHome.swift in Sources */,
				5EC949662C959DF6003736A9 /* ViewModelBasic.swift in Sources */,
				5E8A57152C4EF6CB00F2CAF5 /* GalleryView.swift in Sources */,
				5E83DEF72C53D1E8003F1819 /* StackView.swift in Sources */,
			);
			runOnlyForDeploymentPostprocessing = 0;
		};
/* End PBXSourcesBuildPhase section */

/* Begin XCBuildConfiguration section */
		5E3E695B2C4D9FF000E0363D /* Debug */ = {
			isa = XCBuildConfiguration;
			buildSettings = {
				ALWAYS_SEARCH_USER_PATHS = NO;
				CLANG_ANALYZER_NONNULL = YES;
				CLANG_ANALYZER_NUMBER_OBJECT_CONVERSION = YES_AGGRESSIVE;
				CLANG_CXX_LANGUAGE_STANDARD = "gnu++17";
				CLANG_CXX_LIBRARY = "libc++";
				CLANG_ENABLE_MODULES = YES;
				CLANG_ENABLE_OBJC_ARC = YES;
				CLANG_ENABLE_OBJC_WEAK = YES;
				CLANG_WARN_BLOCK_CAPTURE_AUTORELEASING = YES;
				CLANG_WARN_BOOL_CONVERSION = YES;
				CLANG_WARN_COMMA = YES;
				CLANG_WARN_CONSTANT_CONVERSION = YES;
				CLANG_WARN_DEPRECATED_OBJC_IMPLEMENTATIONS = YES;
				CLANG_WARN_DIRECT_OBJC_ISA_USAGE = YES_ERROR;
				CLANG_WARN_DOCUMENTATION_COMMENTS = YES;
				CLANG_WARN_EMPTY_BODY = YES;
				CLANG_WARN_ENUM_CONVERSION = YES;
				CLANG_WARN_INFINITE_RECURSION = YES;
				CLANG_WARN_INT_CONVERSION = YES;
				CLANG_WARN_NON_LITERAL_NULL_CONVERSION = YES;
				CLANG_WARN_OBJC_IMPLICIT_RETAIN_SELF = YES;
				CLANG_WARN_OBJC_LITERAL_CONVERSION = YES;
				CLANG_WARN_OBJC_ROOT_CLASS = YES_ERROR;
				CLANG_WARN_QUOTED_INCLUDE_IN_FRAMEWORK_HEADER = YES;
				CLANG_WARN_RANGE_LOOP_ANALYSIS = YES;
				CLANG_WARN_STRICT_PROTOTYPES = YES;
				CLANG_WARN_SUSPICIOUS_MOVE = YES;
				CLANG_WARN_UNGUARDED_AVAILABILITY = YES_AGGRESSIVE;
				CLANG_WARN_UNREACHABLE_CODE = YES;
				CLANG_WARN__DUPLICATE_METHOD_MATCH = YES;
				COPY_PHASE_STRIP = NO;
				DEBUG_INFORMATION_FORMAT = dwarf;
				ENABLE_STRICT_OBJC_MSGSEND = YES;
				ENABLE_TESTABILITY = YES;
				GCC_C_LANGUAGE_STANDARD = gnu11;
				GCC_DYNAMIC_NO_PIC = NO;
				GCC_NO_COMMON_BLOCKS = YES;
				GCC_OPTIMIZATION_LEVEL = 0;
				GCC_PREPROCESSOR_DEFINITIONS = (
					"DEBUG=1",
					"$(inherited)",
				);
				GCC_WARN_64_TO_32_BIT_CONVERSION = YES;
				GCC_WARN_ABOUT_RETURN_TYPE = YES_ERROR;
				GCC_WARN_UNDECLARED_SELECTOR = YES;
				GCC_WARN_UNINITIALIZED_AUTOS = YES_AGGRESSIVE;
				GCC_WARN_UNUSED_FUNCTION = YES;
				GCC_WARN_UNUSED_VARIABLE = YES;
				IPHONEOS_DEPLOYMENT_TARGET = 15.2;
				MTL_ENABLE_DEBUG_INFO = INCLUDE_SOURCE;
				MTL_FAST_MATH = YES;
				ONLY_ACTIVE_ARCH = YES;
				SDKROOT = iphoneos;
				SWIFT_ACTIVE_COMPILATION_CONDITIONS = DEBUG;
				SWIFT_OPTIMIZATION_LEVEL = "-Onone";
			};
			name = Debug;
		};
		5E3E695C2C4D9FF000E0363D /* Release */ = {
			isa = XCBuildConfiguration;
			buildSettings = {
				ALWAYS_SEARCH_USER_PATHS = NO;
				CLANG_ANALYZER_NONNULL = YES;
				CLANG_ANALYZER_NUMBER_OBJECT_CONVERSION = YES_AGGRESSIVE;
				CLANG_CXX_LANGUAGE_STANDARD = "gnu++17";
				CLANG_CXX_LIBRARY = "libc++";
				CLANG_ENABLE_MODULES = YES;
				CLANG_ENABLE_OBJC_ARC = YES;
				CLANG_ENABLE_OBJC_WEAK = YES;
				CLANG_WARN_BLOCK_CAPTURE_AUTORELEASING = YES;
				CLANG_WARN_BOOL_CONVERSION = YES;
				CLANG_WARN_COMMA = YES;
				CLANG_WARN_CONSTANT_CONVERSION = YES;
				CLANG_WARN_DEPRECATED_OBJC_IMPLEMENTATIONS = YES;
				CLANG_WARN_DIRECT_OBJC_ISA_USAGE = YES_ERROR;
				CLANG_WARN_DOCUMENTATION_COMMENTS = YES;
				CLANG_WARN_EMPTY_BODY = YES;
				CLANG_WARN_ENUM_CONVERSION = YES;
				CLANG_WARN_INFINITE_RECURSION = YES;
				CLANG_WARN_INT_CONVERSION = YES;
				CLANG_WARN_NON_LITERAL_NULL_CONVERSION = YES;
				CLANG_WARN_OBJC_IMPLICIT_RETAIN_SELF = YES;
				CLANG_WARN_OBJC_LITERAL_CONVERSION = YES;
				CLANG_WARN_OBJC_ROOT_CLASS = YES_ERROR;
				CLANG_WARN_QUOTED_INCLUDE_IN_FRAMEWORK_HEADER = YES;
				CLANG_WARN_RANGE_LOOP_ANALYSIS = YES;
				CLANG_WARN_STRICT_PROTOTYPES = YES;
				CLANG_WARN_SUSPICIOUS_MOVE = YES;
				CLANG_WARN_UNGUARDED_AVAILABILITY = YES_AGGRESSIVE;
				CLANG_WARN_UNREACHABLE_CODE = YES;
				CLANG_WARN__DUPLICATE_METHOD_MATCH = YES;
				COPY_PHASE_STRIP = NO;
				DEBUG_INFORMATION_FORMAT = "dwarf-with-dsym";
				ENABLE_NS_ASSERTIONS = NO;
				ENABLE_STRICT_OBJC_MSGSEND = YES;
				GCC_C_LANGUAGE_STANDARD = gnu11;
				GCC_NO_COMMON_BLOCKS = YES;
				GCC_WARN_64_TO_32_BIT_CONVERSION = YES;
				GCC_WARN_ABOUT_RETURN_TYPE = YES_ERROR;
				GCC_WARN_UNDECLARED_SELECTOR = YES;
				GCC_WARN_UNINITIALIZED_AUTOS = YES_AGGRESSIVE;
				GCC_WARN_UNUSED_FUNCTION = YES;
				GCC_WARN_UNUSED_VARIABLE = YES;
				IPHONEOS_DEPLOYMENT_TARGET = 15.2;
				MTL_ENABLE_DEBUG_INFO = NO;
				MTL_FAST_MATH = YES;
				SDKROOT = iphoneos;
				SWIFT_COMPILATION_MODE = wholemodule;
				SWIFT_OPTIMIZATION_LEVEL = "-O";
				VALIDATE_PRODUCT = YES;
			};
			name = Release;
		};
		5E3E695E2C4D9FF000E0363D /* Debug */ = {
			isa = XCBuildConfiguration;
			buildSettings = {
				ASSETCATALOG_COMPILER_APPICON_NAME = AppIcon;
				ASSETCATALOG_COMPILER_GLOBAL_ACCENT_COLOR_NAME = AccentColor;
				CODE_SIGN_STYLE = Automatic;
				CURRENT_PROJECT_VERSION = 1;
				DEVELOPMENT_ASSET_PATHS = "\"SwiftUIProject/Preview Content\"";
				DEVELOPMENT_TEAM = QD93FKGNRU;
				ENABLE_PREVIEWS = YES;
				GENERATE_INFOPLIST_FILE = YES;
				INFOPLIST_KEY_UIApplicationSceneManifest_Generation = YES;
				INFOPLIST_KEY_UIApplicationSupportsIndirectInputEvents = YES;
				INFOPLIST_KEY_UILaunchScreen_Generation = YES;
				INFOPLIST_KEY_UISupportedInterfaceOrientations_iPad = "UIInterfaceOrientationPortrait UIInterfaceOrientationPortraitUpsideDown UIInterfaceOrientationLandscapeLeft UIInterfaceOrientationLandscapeRight";
				INFOPLIST_KEY_UISupportedInterfaceOrientations_iPhone = "UIInterfaceOrientationPortrait UIInterfaceOrientationLandscapeLeft UIInterfaceOrientationLandscapeRight";
				IPHONEOS_DEPLOYMENT_TARGET = 17.5;
				LD_RUNPATH_SEARCH_PATHS = (
					"$(inherited)",
					"@executable_path/Frameworks",
				);
				MARKETING_VERSION = 1.0;
				PRODUCT_BUNDLE_IDENTIFIER = klenov.SwiftUIProject;
				PRODUCT_NAME = "$(TARGET_NAME)";
				SWIFT_EMIT_LOC_STRINGS = YES;
				SWIFT_VERSION = 5.0;
				TARGETED_DEVICE_FAMILY = "1,2";
			};
			name = Debug;
		};
		5E3E695F2C4D9FF000E0363D /* Release */ = {
			isa = XCBuildConfiguration;
			buildSettings = {
				ASSETCATALOG_COMPILER_APPICON_NAME = AppIcon;
				ASSETCATALOG_COMPILER_GLOBAL_ACCENT_COLOR_NAME = AccentColor;
				CODE_SIGN_STYLE = Automatic;
				CURRENT_PROJECT_VERSION = 1;
				DEVELOPMENT_ASSET_PATHS = "\"SwiftUIProject/Preview Content\"";
				DEVELOPMENT_TEAM = QD93FKGNRU;
				ENABLE_PREVIEWS = YES;
				GENERATE_INFOPLIST_FILE = YES;
				INFOPLIST_KEY_UIApplicationSceneManifest_Generation = YES;
				INFOPLIST_KEY_UIApplicationSupportsIndirectInputEvents = YES;
				INFOPLIST_KEY_UILaunchScreen_Generation = YES;
				INFOPLIST_KEY_UISupportedInterfaceOrientations_iPad = "UIInterfaceOrientationPortrait UIInterfaceOrientationPortraitUpsideDown UIInterfaceOrientationLandscapeLeft UIInterfaceOrientationLandscapeRight";
				INFOPLIST_KEY_UISupportedInterfaceOrientations_iPhone = "UIInterfaceOrientationPortrait UIInterfaceOrientationLandscapeLeft UIInterfaceOrientationLandscapeRight";
				IPHONEOS_DEPLOYMENT_TARGET = 17.5;
				LD_RUNPATH_SEARCH_PATHS = (
					"$(inherited)",
					"@executable_path/Frameworks",
				);
				MARKETING_VERSION = 1.0;
				PRODUCT_BUNDLE_IDENTIFIER = klenov.SwiftUIProject;
				PRODUCT_NAME = "$(TARGET_NAME)";
				SWIFT_EMIT_LOC_STRINGS = YES;
				SWIFT_VERSION = 5.0;
				TARGETED_DEVICE_FAMILY = "1,2";
			};
			name = Release;
		};
/* End XCBuildConfiguration section */

/* Begin XCConfigurationList section */
		5E3E694A2C4D9FEC00E0363D /* Build configuration list for PBXProject "SwiftUIProject" */ = {
			isa = XCConfigurationList;
			buildConfigurations = (
				5E3E695B2C4D9FF000E0363D /* Debug */,
				5E3E695C2C4D9FF000E0363D /* Release */,
			);
			defaultConfigurationIsVisible = 0;
			defaultConfigurationName = Release;
		};
		5E3E695D2C4D9FF000E0363D /* Build configuration list for PBXNativeTarget "SwiftUIProject" */ = {
			isa = XCConfigurationList;
			buildConfigurations = (
				5E3E695E2C4D9FF000E0363D /* Debug */,
				5E3E695F2C4D9FF000E0363D /* Release */,
			);
			defaultConfigurationIsVisible = 0;
			defaultConfigurationName = Release;
		};
/* End XCConfigurationList section */
	};
	rootObject = 5E3E69472C4D9FEC00E0363D /* Project object */;
}
